// !$*UTF8*$!
{
	archiveVersion = 1;
	classes = {
	};
	objectVersion = 46;
	objects = {

/* Begin PBXBuildFile section */
		2A9E763D1CBA8DEC00D79F94 /* AppDelegate.swift in Sources */ = {isa = PBXBuildFile; fileRef = 2A9E763C1CBA8DEC00D79F94 /* AppDelegate.swift */; };
		2A9E763F1CBA8DEC00D79F94 /* ViewController.swift in Sources */ = {isa = PBXBuildFile; fileRef = 2A9E763E1CBA8DEC00D79F94 /* ViewController.swift */; };
		2A9E76421CBA8DEC00D79F94 /* Main.storyboard in Resources */ = {isa = PBXBuildFile; fileRef = 2A9E76401CBA8DEC00D79F94 /* Main.storyboard */; };
		2A9E76441CBA8DEC00D79F94 /* Assets.xcassets in Resources */ = {isa = PBXBuildFile; fileRef = 2A9E76431CBA8DEC00D79F94 /* Assets.xcassets */; };
		2A9E76471CBA8DEC00D79F94 /* LaunchScreen.storyboard in Resources */ = {isa = PBXBuildFile; fileRef = 2A9E76451CBA8DEC00D79F94 /* LaunchScreen.storyboard */; };
		2A9E76521CBA8DEC00D79F94 /* RxSampleTests.swift in Sources */ = {isa = PBXBuildFile; fileRef = 2A9E76511CBA8DEC00D79F94 /* RxSampleTests.swift */; };
		2A9E765D1CBA8DEC00D79F94 /* RxSampleUITests.swift in Sources */ = {isa = PBXBuildFile; fileRef = 2A9E765C1CBA8DEC00D79F94 /* RxSampleUITests.swift */; };
		2A9E766B1CBA8EF100D79F94 /* RxCocoa.framework in Frameworks */ = {isa = PBXBuildFile; fileRef = 2A9E766A1CBA8EF100D79F94 /* RxCocoa.framework */; };
		2A9E766C1CBA8EF100D79F94 /* RxCocoa.framework in Embed Frameworks */ = {isa = PBXBuildFile; fileRef = 2A9E766A1CBA8EF100D79F94 /* RxCocoa.framework */; settings = {ATTRIBUTES = (CodeSignOnCopy, RemoveHeadersOnCopy, ); }; };
		2A9E766F1CBA8F0800D79F94 /* RxSwift.framework in Frameworks */ = {isa = PBXBuildFile; fileRef = 2A9E766E1CBA8F0800D79F94 /* RxSwift.framework */; };
		2A9E76701CBA8F0800D79F94 /* RxSwift.framework in Embed Frameworks */ = {isa = PBXBuildFile; fileRef = 2A9E766E1CBA8F0800D79F94 /* RxSwift.framework */; settings = {ATTRIBUTES = (CodeSignOnCopy, RemoveHeadersOnCopy, ); }; };
		2A9E76741CBA966400D79F94 /* TableViewCell.swift in Sources */ = {isa = PBXBuildFile; fileRef = 2A9E76731CBA966400D79F94 /* TableViewCell.swift */; };
/* End PBXBuildFile section */

/* Begin PBXContainerItemProxy section */
		2A9E764E1CBA8DEC00D79F94 /* PBXContainerItemProxy */ = {
			isa = PBXContainerItemProxy;
			containerPortal = 2A9E76311CBA8DEC00D79F94 /* Project object */;
			proxyType = 1;
			remoteGlobalIDString = 2A9E76381CBA8DEC00D79F94;
			remoteInfo = RxSample;
		};
		2A9E76591CBA8DEC00D79F94 /* PBXContainerItemProxy */ = {
			isa = PBXContainerItemProxy;
			containerPortal = 2A9E76311CBA8DEC00D79F94 /* Project object */;
			proxyType = 1;
			remoteGlobalIDString = 2A9E76381CBA8DEC00D79F94;
			remoteInfo = RxSample;
		};
/* End PBXContainerItemProxy section */

/* Begin PBXCopyFilesBuildPhase section */
		2A9E766D1CBA8EF100D79F94 /* Embed Frameworks */ = {
			isa = PBXCopyFilesBuildPhase;
			buildActionMask = 2147483647;
			dstPath = "";
			dstSubfolderSpec = 10;
			files = (
				2A9E76701CBA8F0800D79F94 /* RxSwift.framework in Embed Frameworks */,
				2A9E766C1CBA8EF100D79F94 /* RxCocoa.framework in Embed Frameworks */,
			);
			name = "Embed Frameworks";
			runOnlyForDeploymentPostprocessing = 0;
		};
/* End PBXCopyFilesBuildPhase section */

/* Begin PBXFileReference section */
		2A9E76391CBA8DEC00D79F94 /* RxSample.app */ = {isa = PBXFileReference; explicitFileType = wrapper.application; includeInIndex = 0; path = RxSample.app; sourceTree = BUILT_PRODUCTS_DIR; };
		2A9E763C1CBA8DEC00D79F94 /* AppDelegate.swift */ = {isa = PBXFileReference; lastKnownFileType = sourcecode.swift; path = AppDelegate.swift; sourceTree = "<group>"; };
		2A9E763E1CBA8DEC00D79F94 /* ViewController.swift */ = {isa = PBXFileReference; lastKnownFileType = sourcecode.swift; path = ViewController.swift; sourceTree = "<group>"; };
		2A9E76411CBA8DEC00D79F94 /* Base */ = {isa = PBXFileReference; lastKnownFileType = file.storyboard; name = Base; path = Base.lproj/Main.storyboard; sourceTree = "<group>"; };
		2A9E76431CBA8DEC00D79F94 /* Assets.xcassets */ = {isa = PBXFileReference; lastKnownFileType = folder.assetcatalog; path = Assets.xcassets; sourceTree = "<group>"; };
		2A9E76461CBA8DEC00D79F94 /* Base */ = {isa = PBXFileReference; lastKnownFileType = file.storyboard; name = Base; path = Base.lproj/LaunchScreen.storyboard; sourceTree = "<group>"; };
		2A9E76481CBA8DEC00D79F94 /* Info.plist */ = {isa = PBXFileReference; lastKnownFileType = text.plist.xml; path = Info.plist; sourceTree = "<group>"; };
		2A9E764D1CBA8DEC00D79F94 /* RxSampleTests.xctest */ = {isa = PBXFileReference; explicitFileType = wrapper.cfbundle; includeInIndex = 0; path = RxSampleTests.xctest; sourceTree = BUILT_PRODUCTS_DIR; };
		2A9E76511CBA8DEC00D79F94 /* RxSampleTests.swift */ = {isa = PBXFileReference; lastKnownFileType = sourcecode.swift; path = RxSampleTests.swift; sourceTree = "<group>"; };
		2A9E76531CBA8DEC00D79F94 /* Info.plist */ = {isa = PBXFileReference; lastKnownFileType = text.plist.xml; path = Info.plist; sourceTree = "<group>"; };
		2A9E76581CBA8DEC00D79F94 /* RxSampleUITests.xctest */ = {isa = PBXFileReference; explicitFileType = wrapper.cfbundle; includeInIndex = 0; path = RxSampleUITests.xctest; sourceTree = BUILT_PRODUCTS_DIR; };
		2A9E765C1CBA8DEC00D79F94 /* RxSampleUITests.swift */ = {isa = PBXFileReference; lastKnownFileType = sourcecode.swift; path = RxSampleUITests.swift; sourceTree = "<group>"; };
		2A9E765E1CBA8DEC00D79F94 /* Info.plist */ = {isa = PBXFileReference; lastKnownFileType = text.plist.xml; path = Info.plist; sourceTree = "<group>"; };
		2A9E766A1CBA8EF100D79F94 /* RxCocoa.framework */ = {isa = PBXFileReference; lastKnownFileType = wrapper.framework; name = RxCocoa.framework; path = Carthage/Build/iOS/RxCocoa.framework; sourceTree = "<group>"; };
		2A9E766E1CBA8F0800D79F94 /* RxSwift.framework */ = {isa = PBXFileReference; lastKnownFileType = wrapper.framework; name = RxSwift.framework; path = Carthage/Build/iOS/RxSwift.framework; sourceTree = "<group>"; };
		2A9E76731CBA966400D79F94 /* TableViewCell.swift */ = {isa = PBXFileReference; fileEncoding = 4; lastKnownFileType = sourcecode.swift; path = TableViewCell.swift; sourceTree = "<group>"; };
/* End PBXFileReference section */

/* Begin PBXFrameworksBuildPhase section */
		2A9E76361CBA8DEC00D79F94 /* Frameworks */ = {
			isa = PBXFrameworksBuildPhase;
			buildActionMask = 2147483647;
			files = (
				2A9E766F1CBA8F0800D79F94 /* RxSwift.framework in Frameworks */,
				2A9E766B1CBA8EF100D79F94 /* RxCocoa.framework in Frameworks */,
			);
			runOnlyForDeploymentPostprocessing = 0;
		};
		2A9E764A1CBA8DEC00D79F94 /* Frameworks */ = {
			isa = PBXFrameworksBuildPhase;
			buildActionMask = 2147483647;
			files = (
			);
			runOnlyForDeploymentPostprocessing = 0;
		};
		2A9E76551CBA8DEC00D79F94 /* Frameworks */ = {
			isa = PBXFrameworksBuildPhase;
			buildActionMask = 2147483647;
			files = (
			);
			runOnlyForDeploymentPostprocessing = 0;
		};
/* End PBXFrameworksBuildPhase section */

/* Begin PBXGroup section */
		2A9E76301CBA8DEC00D79F94 = {
			isa = PBXGroup;
			children = (
				2A9E76711CBA8F0C00D79F94 /* Carthage */,
				2A9E763B1CBA8DEC00D79F94 /* RxSample */,
				2A9E76501CBA8DEC00D79F94 /* RxSampleTests */,
				2A9E765B1CBA8DEC00D79F94 /* RxSampleUITests */,
				2A9E763A1CBA8DEC00D79F94 /* Products */,
			);
			sourceTree = "<group>";
		};
		2A9E763A1CBA8DEC00D79F94 /* Products */ = {
			isa = PBXGroup;
			children = (
				2A9E76391CBA8DEC00D79F94 /* RxSample.app */,
				2A9E764D1CBA8DEC00D79F94 /* RxSampleTests.xctest */,
				2A9E76581CBA8DEC00D79F94 /* RxSampleUITests.xctest */,
			);
			name = Products;
			sourceTree = "<group>";
		};
		2A9E763B1CBA8DEC00D79F94 /* RxSample */ = {
			isa = PBXGroup;
			children = (
				2A9E763C1CBA8DEC00D79F94 /* AppDelegate.swift */,
				2A9E763E1CBA8DEC00D79F94 /* ViewController.swift */,
				2A9E76731CBA966400D79F94 /* TableViewCell.swift */,
				2A9E76401CBA8DEC00D79F94 /* Main.storyboard */,
				2A9E76431CBA8DEC00D79F94 /* Assets.xcassets */,
				2A9E76451CBA8DEC00D79F94 /* LaunchScreen.storyboard */,
				2A9E76481CBA8DEC00D79F94 /* Info.plist */,
			);
			path = RxSample;
			sourceTree = "<group>";
		};
		2A9E76501CBA8DEC00D79F94 /* RxSampleTests */ = {
			isa = PBXGroup;
			children = (
				2A9E76511CBA8DEC00D79F94 /* RxSampleTests.swift */,
				2A9E76531CBA8DEC00D79F94 /* Info.plist */,
			);
			path = RxSampleTests;
			sourceTree = "<group>";
		};
		2A9E765B1CBA8DEC00D79F94 /* RxSampleUITests */ = {
			isa = PBXGroup;
			children = (
				2A9E765C1CBA8DEC00D79F94 /* RxSampleUITests.swift */,
				2A9E765E1CBA8DEC00D79F94 /* Info.plist */,
			);
			path = RxSampleUITests;
			sourceTree = "<group>";
		};
		2A9E76711CBA8F0C00D79F94 /* Carthage */ = {
			isa = PBXGroup;
			children = (
				2A9E766E1CBA8F0800D79F94 /* RxSwift.framework */,
				2A9E766A1CBA8EF100D79F94 /* RxCocoa.framework */,
			);
			name = Carthage;
			sourceTree = "<group>";
		};
/* End PBXGroup section */

/* Begin PBXNativeTarget section */
		2A9E76381CBA8DEC00D79F94 /* RxSample */ = {
			isa = PBXNativeTarget;
			buildConfigurationList = 2A9E76611CBA8DEC00D79F94 /* Build configuration list for PBXNativeTarget "RxSample" */;
			buildPhases = (
				2A9E76351CBA8DEC00D79F94 /* Sources */,
				2A9E76361CBA8DEC00D79F94 /* Frameworks */,
				2A9E76371CBA8DEC00D79F94 /* Resources */,
				2A9E766D1CBA8EF100D79F94 /* Embed Frameworks */,
			);
			buildRules = (
			);
			dependencies = (
			);
			name = RxSample;
			productName = RxSample;
			productReference = 2A9E76391CBA8DEC00D79F94 /* RxSample.app */;
			productType = "com.apple.product-type.application";
		};
		2A9E764C1CBA8DEC00D79F94 /* RxSampleTests */ = {
			isa = PBXNativeTarget;
			buildConfigurationList = 2A9E76641CBA8DEC00D79F94 /* Build configuration list for PBXNativeTarget "RxSampleTests" */;
			buildPhases = (
				2A9E76491CBA8DEC00D79F94 /* Sources */,
				2A9E764A1CBA8DEC00D79F94 /* Frameworks */,
				2A9E764B1CBA8DEC00D79F94 /* Resources */,
			);
			buildRules = (
			);
			dependencies = (
				2A9E764F1CBA8DEC00D79F94 /* PBXTargetDependency */,
			);
			name = RxSampleTests;
			productName = RxSampleTests;
			productReference = 2A9E764D1CBA8DEC00D79F94 /* RxSampleTests.xctest */;
			productType = "com.apple.product-type.bundle.unit-test";
		};
		2A9E76571CBA8DEC00D79F94 /* RxSampleUITests */ = {
			isa = PBXNativeTarget;
			buildConfigurationList = 2A9E76671CBA8DEC00D79F94 /* Build configuration list for PBXNativeTarget "RxSampleUITests" */;
			buildPhases = (
				2A9E76541CBA8DEC00D79F94 /* Sources */,
				2A9E76551CBA8DEC00D79F94 /* Frameworks */,
				2A9E76561CBA8DEC00D79F94 /* Resources */,
			);
			buildRules = (
			);
			dependencies = (
				2A9E765A1CBA8DEC00D79F94 /* PBXTargetDependency */,
			);
			name = RxSampleUITests;
			productName = RxSampleUITests;
			productReference = 2A9E76581CBA8DEC00D79F94 /* RxSampleUITests.xctest */;
			productType = "com.apple.product-type.bundle.ui-testing";
		};
/* End PBXNativeTarget section */

/* Begin PBXProject section */
		2A9E76311CBA8DEC00D79F94 /* Project object */ = {
			isa = PBXProject;
			attributes = {
				LastSwiftUpdateCheck = 0730;
				LastUpgradeCheck = 0730;
				ORGANIZATIONNAME = yuzushio;
				TargetAttributes = {
					2A9E76381CBA8DEC00D79F94 = {
						CreatedOnToolsVersion = 7.3;
					};
					2A9E764C1CBA8DEC00D79F94 = {
						CreatedOnToolsVersion = 7.3;
						TestTargetID = 2A9E76381CBA8DEC00D79F94;
					};
					2A9E76571CBA8DEC00D79F94 = {
						CreatedOnToolsVersion = 7.3;
						TestTargetID = 2A9E76381CBA8DEC00D79F94;
					};
				};
			};
			buildConfigurationList = 2A9E76341CBA8DEC00D79F94 /* Build configuration list for PBXProject "RxSample" */;
			compatibilityVersion = "Xcode 3.2";
			developmentRegion = English;
			hasScannedForEncodings = 0;
			knownRegions = (
				en,
				Base,
			);
			mainGroup = 2A9E76301CBA8DEC00D79F94;
			productRefGroup = 2A9E763A1CBA8DEC00D79F94 /* Products */;
			projectDirPath = "";
			projectRoot = "";
			targets = (
				2A9E76381CBA8DEC00D79F94 /* RxSample */,
				2A9E764C1CBA8DEC00D79F94 /* RxSampleTests */,
				2A9E76571CBA8DEC00D79F94 /* RxSampleUITests */,
			);
		};
/* End PBXProject section */

/* Begin PBXResourcesBuildPhase section */
		2A9E76371CBA8DEC00D79F94 /* Resources */ = {
			isa = PBXResourcesBuildPhase;
			buildActionMask = 2147483647;
			files = (
				2A9E76471CBA8DEC00D79F94 /* LaunchScreen.storyboard in Resources */,
				2A9E76441CBA8DEC00D79F94 /* Assets.xcassets in Resources */,
				2A9E76421CBA8DEC00D79F94 /* Main.storyboard in Resources */,
			);
			runOnlyForDeploymentPostprocessing = 0;
		};
		2A9E764B1CBA8DEC00D79F94 /* Resources */ = {
			isa = PBXResourcesBuildPhase;
			buildActionMask = 2147483647;
			files = (
			);
			runOnlyForDeploymentPostprocessing = 0;
		};
		2A9E76561CBA8DEC00D79F94 /* Resources */ = {
			isa = PBXResourcesBuildPhase;
			buildActionMask = 2147483647;
			files = (
			);
			runOnlyForDeploymentPostprocessing = 0;
		};
/* End PBXResourcesBuildPhase section */

/* Begin PBXSourcesBuildPhase section */
		2A9E76351CBA8DEC00D79F94 /* Sources */ = {
			isa = PBXSourcesBuildPhase;
			buildActionMask = 2147483647;
			files = (
				2A9E76741CBA966400D79F94 /* TableViewCell.swift in Sources */,
				2A9E763F1CBA8DEC00D79F94 /* ViewController.swift in Sources */,
				2A9E763D1CBA8DEC00D79F94 /* AppDelegate.swift in Sources */,
			);
			runOnlyForDeploymentPostprocessing = 0;
		};
		2A9E76491CBA8DEC00D79F94 /* Sources */ = {
			isa = PBXSourcesBuildPhase;
			buildActionMask = 2147483647;
			files = (
				2A9E76521CBA8DEC00D79F94 /* RxSampleTests.swift in Sources */,
			);
			runOnlyForDeploymentPostprocessing = 0;
		};
		2A9E76541CBA8DEC00D79F94 /* Sources */ = {
			isa = PBXSourcesBuildPhase;
			buildActionMask = 2147483647;
			files = (
				2A9E765D1CBA8DEC00D79F94 /* RxSampleUITests.swift in Sources */,
			);
			runOnlyForDeploymentPostprocessing = 0;
		};
/* End PBXSourcesBuildPhase section */

/* Begin PBXTargetDependency section */
		2A9E764F1CBA8DEC00D79F94 /* PBXTargetDependency */ = {
			isa = PBXTargetDependency;
			target = 2A9E76381CBA8DEC00D79F94 /* RxSample */;
			targetProxy = 2A9E764E1CBA8DEC00D79F94 /* PBXContainerItemProxy */;
		};
		2A9E765A1CBA8DEC00D79F94 /* PBXTargetDependency */ = {
			isa = PBXTargetDependency;
			target = 2A9E76381CBA8DEC00D79F94 /* RxSample */;
			targetProxy = 2A9E76591CBA8DEC00D79F94 /* PBXContainerItemProxy */;
		};
/* End PBXTargetDependency section */

/* Begin PBXVariantGroup section */
		2A9E76401CBA8DEC00D79F94 /* Main.storyboard */ = {
			isa = PBXVariantGroup;
			children = (
				2A9E76411CBA8DEC00D79F94 /* Base */,
			);
			name = Main.storyboard;
			sourceTree = "<group>";
		};
		2A9E76451CBA8DEC00D79F94 /* LaunchScreen.storyboard */ = {
			isa = PBXVariantGroup;
			children = (
				2A9E76461CBA8DEC00D79F94 /* Base */,
			);
			name = LaunchScreen.storyboard;
			sourceTree = "<group>";
		};
/* End PBXVariantGroup section */

/* Begin XCBuildConfiguration section */
		2A9E765F1CBA8DEC00D79F94 /* Debug */ = {
			isa = XCBuildConfiguration;
			buildSettings = {
				ALWAYS_SEARCH_USER_PATHS = NO;
				CLANG_ANALYZER_NONNULL = YES;
				CLANG_CXX_LANGUAGE_STANDARD = "gnu++0x";
				CLANG_CXX_LIBRARY = "libc++";
				CLANG_ENABLE_MODULES = YES;
				CLANG_ENABLE_OBJC_ARC = YES;
				CLANG_WARN_BOOL_CONVERSION = YES;
				CLANG_WARN_CONSTANT_CONVERSION = YES;
				CLANG_WARN_DIRECT_OBJC_ISA_USAGE = YES_ERROR;
				CLANG_WARN_EMPTY_BODY = YES;
				CLANG_WARN_ENUM_CONVERSION = YES;
				CLANG_WARN_INT_CONVERSION = YES;
				CLANG_WARN_OBJC_ROOT_CLASS = YES_ERROR;
				CLANG_WARN_UNREACHABLE_CODE = YES;
				CLANG_WARN__DUPLICATE_METHOD_MATCH = YES;
				"CODE_SIGN_IDENTITY[sdk=iphoneos*]" = "iPhone Developer";
				COPY_PHASE_STRIP = NO;
				DEBUG_INFORMATION_FORMAT = dwarf;
				ENABLE_STRICT_OBJC_MSGSEND = YES;
				ENABLE_TESTABILITY = YES;
				GCC_C_LANGUAGE_STANDARD = gnu99;
				GCC_DYNAMIC_NO_PIC = NO;
				GCC_NO_COMMON_BLOCKS = YES;
				GCC_OPTIMIZATION_LEVEL = 0;
				GCC_PREPROCESSOR_DEFINITIONS = (
					"DEBUG=1",
					"$(inherited)",
				);
				GCC_WARN_64_TO_32_BIT_CONVERSION = YES;
				GCC_WARN_ABOUT_RETURN_TYPE = YES_ERROR;
				GCC_WARN_UNDECLARED_SELECTOR = YES;
				GCC_WARN_UNINITIALIZED_AUTOS = YES_AGGRESSIVE;
				GCC_WARN_UNUSED_FUNCTION = YES;
				GCC_WARN_UNUSED_VARIABLE = YES;
				IPHONEOS_DEPLOYMENT_TARGET = 9.3;
				MTL_ENABLE_DEBUG_INFO = YES;
				ONLY_ACTIVE_ARCH = YES;
				SDKROOT = iphoneos;
				SWIFT_OPTIMIZATION_LEVEL = "-Onone";
			};
			name = Debug;
		};
		2A9E76601CBA8DEC00D79F94 /* Release */ = {
			isa = XCBuildConfiguration;
			buildSettings = {
				ALWAYS_SEARCH_USER_PATHS = NO;
				CLANG_ANALYZER_NONNULL = YES;
				CLANG_CXX_LANGUAGE_STANDARD = "gnu++0x";
				CLANG_CXX_LIBRARY = "libc++";
				CLANG_ENABLE_MODULES = YES;
				CLANG_ENABLE_OBJC_ARC = YES;
				CLANG_WARN_BOOL_CONVERSION = YES;
				CLANG_WARN_CONSTANT_CONVERSION = YES;
				CLANG_WARN_DIRECT_OBJC_ISA_USAGE = YES_ERROR;
				CLANG_WARN_EMPTY_BODY = YES;
				CLANG_WARN_ENUM_CONVERSION = YES;
				CLANG_WARN_INT_CONVERSION = YES;
				CLANG_WARN_OBJC_ROOT_CLASS = YES_ERROR;
				CLANG_WARN_UNREACHABLE_CODE = YES;
				CLANG_WARN__DUPLICATE_METHOD_MATCH = YES;
				"CODE_SIGN_IDENTITY[sdk=iphoneos*]" = "iPhone Developer";
				COPY_PHASE_STRIP = NO;
				DEBUG_INFORMATION_FORMAT = "dwarf-with-dsym";
				ENABLE_NS_ASSERTIONS = NO;
				ENABLE_STRICT_OBJC_MSGSEND = YES;
				GCC_C_LANGUAGE_STANDARD = gnu99;
				GCC_NO_COMMON_BLOCKS = YES;
				GCC_WARN_64_TO_32_BIT_CONVERSION = YES;
				GCC_WARN_ABOUT_RETURN_TYPE = YES_ERROR;
				GCC_WARN_UNDECLARED_SELECTOR = YES;
				GCC_WARN_UNINITIALIZED_AUTOS = YES_AGGRESSIVE;
				GCC_WARN_UNUSED_FUNCTION = YES;
				GCC_WARN_UNUSED_VARIABLE = YES;
				IPHONEOS_DEPLOYMENT_TARGET = 9.3;
				MTL_ENABLE_DEBUG_INFO = NO;
				SDKROOT = iphoneos;
				VALIDATE_PRODUCT = YES;
			};
			name = Release;
		};
		2A9E76621CBA8DEC00D79F94 /* Debug */ = {
			isa = XCBuildConfiguration;
			buildSettings = {
				ASSETCATALOG_COMPILER_APPICON_NAME = AppIcon;
				FRAMEWORK_SEARCH_PATHS = (
					"$(inherited)",
					"$(PROJECT_DIR)/Carthage/Build/iOS",
				);
				INFOPLIST_FILE = RxSample/Info.plist;
				LD_RUNPATH_SEARCH_PATHS = "$(inherited) @executable_path/Frameworks";
				PRODUCT_BUNDLE_IDENTIFIER = yuzushio.RxSample;
				PRODUCT_NAME = "$(TARGET_NAME)";
			};
			name = Debug;
		};
		2A9E76631CBA8DEC00D79F94 /* Release */ = {
			isa = XCBuildConfiguration;
			buildSettings = {
				ASSETCATALOG_COMPILER_APPICON_NAME = AppIcon;
				FRAMEWORK_SEARCH_PATHS = (
					"$(inherited)",
					"$(PROJECT_DIR)/Carthage/Build/iOS",
				);
				INFOPLIST_FILE = RxSample/Info.plist;
				LD_RUNPATH_SEARCH_PATHS = "$(inherited) @executable_path/Frameworks";
				PRODUCT_BUNDLE_IDENTIFIER = yuzushio.RxSample;
				PRODUCT_NAME = "$(TARGET_NAME)";
			};
			name = Release;
		};
		2A9E76651CBA8DEC00D79F94 /* Debug */ = {
			isa = XCBuildConfiguration;
			buildSettings = {
				BUNDLE_LOADER = "$(TEST_HOST)";
				INFOPLIST_FILE = RxSampleTests/Info.plist;
				LD_RUNPATH_SEARCH_PATHS = "$(inherited) @executable_path/Frameworks @loader_path/Frameworks";
				PRODUCT_BUNDLE_IDENTIFIER = yuzushio.RxSampleTests;
				PRODUCT_NAME = "$(TARGET_NAME)";
				TEST_HOST = "$(BUILT_PRODUCTS_DIR)/RxSample.app/RxSample";
			};
			name = Debug;
		};
		2A9E76661CBA8DEC00D79F94 /* Release */ = {
			isa = XCBuildConfiguration;
			buildSettings = {
				BUNDLE_LOADER = "$(TEST_HOST)";
				INFOPLIST_FILE = RxSampleTests/Info.plist;
				LD_RUNPATH_SEARCH_PATHS = "$(inherited) @executable_path/Frameworks @loader_path/Frameworks";
				PRODUCT_BUNDLE_IDENTIFIER = yuzushio.RxSampleTests;
				PRODUCT_NAME = "$(TARGET_NAME)";
				TEST_HOST = "$(BUILT_PRODUCTS_DIR)/RxSample.app/RxSample";
			};
			name = Release;
		};
		2A9E76681CBA8DEC00D79F94 /* Debug */ = {
			isa = XCBuildConfiguration;
			buildSettings = {
				INFOPLIST_FILE = RxSampleUITests/Info.plist;
				LD_RUNPATH_SEARCH_PATHS = "$(inherited) @executable_path/Frameworks @loader_path/Frameworks";
				PRODUCT_BUNDLE_IDENTIFIER = yuzushio.RxSampleUITests;
				PRODUCT_NAME = "$(TARGET_NAME)";
				TEST_TARGET_NAME = RxSample;
			};
			name = Debug;
		};
		2A9E76691CBA8DEC00D79F94 /* Release */ = {
			isa = XCBuildConfiguration;
			buildSettings = {
				INFOPLIST_FILE = RxSampleUITests/Info.plist;
				LD_RUNPATH_SEARCH_PATHS = "$(inherited) @executable_path/Frameworks @loader_path/Frameworks";
				PRODUCT_BUNDLE_IDENTIFIER = yuzushio.RxSampleUITests;
				PRODUCT_NAME = "$(TARGET_NAME)";
				TEST_TARGET_NAME = RxSample;
			};
			name = Release;
		};
/* End XCBuildConfiguration section */

/* Begin XCConfigurationList section */
		2A9E76341CBA8DEC00D79F94 /* Build configuration list for PBXProject "RxSample" */ = {
			isa = XCConfigurationList;
			buildConfigurations = (
				2A9E765F1CBA8DEC00D79F94 /* Debug */,
				2A9E76601CBA8DEC00D79F94 /* Release */,
			);
			defaultConfigurationIsVisible = 0;
			defaultConfigurationName = Release;
		};
		2A9E76611CBA8DEC00D79F94 /* Build configuration list for PBXNativeTarget "RxSample" */ = {
			isa = XCConfigurationList;
			buildConfigurations = (
				2A9E76621CBA8DEC00D79F94 /* Debug */,
				2A9E76631CBA8DEC00D79F94 /* Release */,
			);
			defaultConfigurationIsVisible = 0;
			defaultConfigurationName = Release;
		};
		2A9E76641CBA8DEC00D79F94 /* Build configuration list for PBXNativeTarget "RxSampleTests" */ = {
			isa = XCConfigurationList;
			buildConfigurations = (
				2A9E76651CBA8DEC00D79F94 /* Debug */,
				2A9E76661CBA8DEC00D79F94 /* Release */,
			);
			defaultConfigurationIsVisible = 0;
			defaultConfigurationName = Release;
		};
		2A9E76671CBA8DEC00D79F94 /* Build configuration list for PBXNativeTarget "RxSampleUITests" */ = {
			isa = XCConfigurationList;
			buildConfigurations = (
				2A9E76681CBA8DEC00D79F94 /* Debug */,
				2A9E76691CBA8DEC00D79F94 /* Release */,
			);
			defaultConfigurationIsVisible = 0;
			defaultConfigurationName = Release;
		};
/* End XCConfigurationList section */
	};
	rootObject = 2A9E76311CBA8DEC00D79F94 /* Project object */;
}
